
Microsoft Visual Studio Solution File, Format Version 12.00
# Visual Studio Version 17
VisualStudioVersion = 17.0.31423.177
MinimumVisualStudioVersion = 10.0.40219.1
Project("{FAE04EC0-301F-11D3-BF4B-00C04F79EFBC}") = "Marathon", "Marathon\Marathon.csproj", "{A240D10A-776F-4132-B876-F505B003789E}"
EndProject
Project("{FAE04EC0-301F-11D3-BF4B-00C04F79EFBC}") = "Marathon.CLI", "Marathon.CLI\Marathon.CLI.csproj", "{6B6B3325-EF17-4304-87C1-FA2CDCA4B6B4}"
EndProject
Global
	GlobalSection(SolutionConfigurationPlatforms) = preSolution
		Debug|Any CPU = Debug|Any CPU
		Release|Any CPU = Release|Any CPU
	EndGlobalSection
	GlobalSection(ProjectConfigurationPlatforms) = postSolution
		{A240D10A-776F-4132-B876-F505B003789E}.Debug|Any CPU.ActiveCfg = Debug|Any CPU
		{A240D10A-776F-4132-B876-F505B003789E}.Debug|Any CPU.Build.0 = Debug|Any CPU
		{A240D10A-776F-4132-B876-F505B003789E}.Release|Any CPU.ActiveCfg = Release|Any CPU
		{A240D10A-776F-4132-B876-F505B003789E}.Release|Any CPU.Build.0 = Release|Any CPU
		{6B6B3325-EF17-4304-87C1-FA2CDCA4B6B4}.Debug|Any CPU.ActiveCfg = Debug|Any CPU
		{6B6B3325-EF17-4304-87C1-FA2CDCA4B6B4}.Debug|Any CPU.Build.0 = Debug|Any CPU
		{6B6B3325-EF17-4304-87C1-FA2CDCA4B6B4}.Release|Any CPU.ActiveCfg = Release|Any CPU
		{6B6B3325-EF17-4304-87C1-FA2CDCA4B6B4}.Release|Any CPU.Build.0 = Release|Any CPU
	EndGlobalSection
	GlobalSection(SolutionProperties) = preSolution
		HideSolutionNode = FALSE
	EndGlobalSection
	GlobalSection(ExtensibilityGlobals) = postSolution
		SolutionGuid = {3A078EC9-6D13-4437-90E2-B9ECB276C638}
	EndGlobalSection
EndGlobal
