
Microsoft Visual Studio Solution File, Format Version 12.00
# Visual Studio Version 16
VisualStudioVersion = 16.0.30225.117
MinimumVisualStudioVersion = 10.0.40219.1
Project("{FAE04EC0-301F-11D3-BF4B-00C04F79EFBC}") = "Marathon.Toolkit", "Marathon.Toolkit\Marathon.Toolkit.csproj", "{5FA99087-DD6B-40AC-A2CB-66E6FA614057}"
EndProject
Project("{9A19103F-16F7-4668-BE54-9A1E7A4F7556}") = "Marathon.IO", "Marathon.IO\Marathon.IO.csproj", "{FB1B456C-2567-4DEE-9ECD-6A68D28F8194}"
EndProject
Project("{FAE04EC0-301F-11D3-BF4B-00C04F79EFBC}") = "Marathon.Tests", "Marathon.Tests\Marathon.Tests.csproj", "{9915EF7D-ACE2-4633-BA7E-F30242DAEEA1}"
EndProject
Project("{FAE04EC0-301F-11D3-BF4B-00C04F79EFBC}") = "Marathon.Optimisation", "Marathon.Optimisation\Marathon.Optimisation.csproj", "{1A6867A4-1C1D-4A89-9656-D34B312865A9}"
EndProject
Global
	GlobalSection(SolutionConfigurationPlatforms) = preSolution
		Debug|Any CPU = Debug|Any CPU
		Release|Any CPU = Release|Any CPU
	EndGlobalSection
	GlobalSection(ProjectConfigurationPlatforms) = postSolution
		{5FA99087-DD6B-40AC-A2CB-66E6FA614057}.Debug|Any CPU.ActiveCfg = Debug|Any CPU
		{5FA99087-DD6B-40AC-A2CB-66E6FA614057}.Debug|Any CPU.Build.0 = Debug|Any CPU
		{5FA99087-DD6B-40AC-A2CB-66E6FA614057}.Release|Any CPU.ActiveCfg = Release|Any CPU
		{5FA99087-DD6B-40AC-A2CB-66E6FA614057}.Release|Any CPU.Build.0 = Release|Any CPU
		{FB1B456C-2567-4DEE-9ECD-6A68D28F8194}.Debug|Any CPU.ActiveCfg = Debug|Any CPU
		{FB1B456C-2567-4DEE-9ECD-6A68D28F8194}.Debug|Any CPU.Build.0 = Debug|Any CPU
		{FB1B456C-2567-4DEE-9ECD-6A68D28F8194}.Release|Any CPU.ActiveCfg = Release|Any CPU
		{FB1B456C-2567-4DEE-9ECD-6A68D28F8194}.Release|Any CPU.Build.0 = Release|Any CPU
		{9915EF7D-ACE2-4633-BA7E-F30242DAEEA1}.Debug|Any CPU.ActiveCfg = Debug|Any CPU
		{9915EF7D-ACE2-4633-BA7E-F30242DAEEA1}.Debug|Any CPU.Build.0 = Debug|Any CPU
		{9915EF7D-ACE2-4633-BA7E-F30242DAEEA1}.Release|Any CPU.ActiveCfg = Release|Any CPU
		{9915EF7D-ACE2-4633-BA7E-F30242DAEEA1}.Release|Any CPU.Build.0 = Release|Any CPU
		{1A6867A4-1C1D-4A89-9656-D34B312865A9}.Debug|Any CPU.ActiveCfg = Debug|Any CPU
		{1A6867A4-1C1D-4A89-9656-D34B312865A9}.Debug|Any CPU.Build.0 = Debug|Any CPU
		{1A6867A4-1C1D-4A89-9656-D34B312865A9}.Release|Any CPU.ActiveCfg = Release|Any CPU
		{1A6867A4-1C1D-4A89-9656-D34B312865A9}.Release|Any CPU.Build.0 = Release|Any CPU
	EndGlobalSection
	GlobalSection(SolutionProperties) = preSolution
		HideSolutionNode = FALSE
	EndGlobalSection
	GlobalSection(ExtensibilityGlobals) = postSolution
		SolutionGuid = {3DC4185B-4674-4487-A5D3-CCC7BD295F61}
	EndGlobalSection
EndGlobal
