
Microsoft Visual Studio Solution File, Format Version 12.00
# Visual Studio Version 16
VisualStudioVersion = 16.0.29613.14
MinimumVisualStudioVersion = 10.0.40219.1
Project("{FAE04EC0-301F-11D3-BF4B-00C04F79EFBC}") = "Sonic-06-Toolkit", "Sonic-06-Toolkit\Sonic-06-Toolkit.csproj", "{277111E3-79D8-41B5-B0D7-7609DFF6E36F}"
EndProject
Global
	GlobalSection(SolutionConfigurationPlatforms) = preSolution
		Debug|Any CPU = Debug|Any CPU
		Release|Any CPU = Release|Any CPU
	EndGlobalSection
	GlobalSection(ProjectConfigurationPlatforms) = postSolution
		{277111E3-79D8-41B5-B0D7-7609DFF6E36F}.Debug|Any CPU.ActiveCfg = Debug|Any CPU
		{277111E3-79D8-41B5-B0D7-7609DFF6E36F}.Debug|Any CPU.Build.0 = Debug|Any CPU
		{277111E3-79D8-41B5-B0D7-7609DFF6E36F}.Release|Any CPU.ActiveCfg = Release|Any CPU
		{277111E3-79D8-41B5-B0D7-7609DFF6E36F}.Release|Any CPU.Build.0 = Release|Any CPU
	EndGlobalSection
	GlobalSection(SolutionProperties) = preSolution
		HideSolutionNode = FALSE
	EndGlobalSection
	GlobalSection(ExtensibilityGlobals) = postSolution
		SolutionGuid = {76E66407-DDA1-48BD-B6C6-7A698CF9BE81}
	EndGlobalSection
EndGlobal
